
Microsoft Visual Studio Solution File, Format Version 12.00
# Visual Studio 15
VisualStudioVersion = 15.0.27130.2010
MinimumVisualStudioVersion = 10.0.40219.1
Project("{9A19103F-16F7-4668-BE54-9A1E7A4F7556}") = "API gateway", "WebApplication1\API gateway.csproj", "{388F1076-239D-4E90-ADF6-02A514E712BA}"
EndProject
Project("{9A19103F-16F7-4668-BE54-9A1E7A4F7556}") = "ProductService", "WebApplication2\ProductService.csproj", "{09F74D47-1F39-4A80-9010-4961C7D20B30}"
EndProject
Global
	GlobalSection(SolutionConfigurationPlatforms) = preSolution
		Debug|Any CPU = Debug|Any CPU
		Release|Any CPU = Release|Any CPU
	EndGlobalSection
	GlobalSection(ProjectConfigurationPlatforms) = postSolution
		{388F1076-239D-4E90-ADF6-02A514E712BA}.Debug|Any CPU.ActiveCfg = Debug|Any CPU
		{388F1076-239D-4E90-ADF6-02A514E712BA}.Debug|Any CPU.Build.0 = Debug|Any CPU
		{388F1076-239D-4E90-ADF6-02A514E712BA}.Release|Any CPU.ActiveCfg = Release|Any CPU
		{388F1076-239D-4E90-ADF6-02A514E712BA}.Release|Any CPU.Build.0 = Release|Any CPU
		{09F74D47-1F39-4A80-9010-4961C7D20B30}.Debug|Any CPU.ActiveCfg = Debug|Any CPU
		{09F74D47-1F39-4A80-9010-4961C7D20B30}.Debug|Any CPU.Build.0 = Debug|Any CPU
		{09F74D47-1F39-4A80-9010-4961C7D20B30}.Release|Any CPU.ActiveCfg = Release|Any CPU
		{09F74D47-1F39-4A80-9010-4961C7D20B30}.Release|Any CPU.Build.0 = Release|Any CPU
	EndGlobalSection
	GlobalSection(SolutionProperties) = preSolution
		HideSolutionNode = FALSE
	EndGlobalSection
	GlobalSection(ExtensibilityGlobals) = postSolution
		SolutionGuid = {E9BAD0B4-BA6A-4E1E-A113-17BF650B2C9D}
	EndGlobalSection
EndGlobal
